
Microsoft Visual Studio Solution File, Format Version 12.00
# Visual Studio Version 16
VisualStudioVersion = 16.0.31005.135
MinimumVisualStudioVersion = 10.0.40219.1
Project("{9A19103F-16F7-4668-BE54-9A1E7A4F7556}") = "Api", "Api\Api.csproj", "{847EC5C8-990B-4121-B797-202DF59A7196}"
EndProject
Project("{9A19103F-16F7-4668-BE54-9A1E7A4F7556}") = "Repository", "Repository\Repository.csproj", "{7CCA1545-96F7-46A7-984E-2EB3CFD441BC}"
EndProject
Project("{9A19103F-16F7-4668-BE54-9A1E7A4F7556}") = "Aplication", "Service\Aplication.csproj", "{EBF057F5-0417-4A6D-89F2-9AE06E48785F}"
EndProject
Project("{9A19103F-16F7-4668-BE54-9A1E7A4F7556}") = "Domain", "Domain\Domain.csproj", "{665221BF-70E4-4CA2-9010-9BA89CD12896}"
EndProject
Global
	GlobalSection(SolutionConfigurationPlatforms) = preSolution
		Debug|Any CPU = Debug|Any CPU
		Release|Any CPU = Release|Any CPU
	EndGlobalSection
	GlobalSection(ProjectConfigurationPlatforms) = postSolution
		{847EC5C8-990B-4121-B797-202DF59A7196}.Debug|Any CPU.ActiveCfg = Debug|Any CPU
		{847EC5C8-990B-4121-B797-202DF59A7196}.Debug|Any CPU.Build.0 = Debug|Any CPU
		{847EC5C8-990B-4121-B797-202DF59A7196}.Release|Any CPU.ActiveCfg = Release|Any CPU
		{847EC5C8-990B-4121-B797-202DF59A7196}.Release|Any CPU.Build.0 = Release|Any CPU
		{7CCA1545-96F7-46A7-984E-2EB3CFD441BC}.Debug|Any CPU.ActiveCfg = Debug|Any CPU
		{7CCA1545-96F7-46A7-984E-2EB3CFD441BC}.Debug|Any CPU.Build.0 = Debug|Any CPU
		{7CCA1545-96F7-46A7-984E-2EB3CFD441BC}.Release|Any CPU.ActiveCfg = Release|Any CPU
		{7CCA1545-96F7-46A7-984E-2EB3CFD441BC}.Release|Any CPU.Build.0 = Release|Any CPU
		{EBF057F5-0417-4A6D-89F2-9AE06E48785F}.Debug|Any CPU.ActiveCfg = Debug|Any CPU
		{EBF057F5-0417-4A6D-89F2-9AE06E48785F}.Debug|Any CPU.Build.0 = Debug|Any CPU
		{EBF057F5-0417-4A6D-89F2-9AE06E48785F}.Release|Any CPU.ActiveCfg = Release|Any CPU
		{EBF057F5-0417-4A6D-89F2-9AE06E48785F}.Release|Any CPU.Build.0 = Release|Any CPU
		{665221BF-70E4-4CA2-9010-9BA89CD12896}.Debug|Any CPU.ActiveCfg = Debug|Any CPU
		{665221BF-70E4-4CA2-9010-9BA89CD12896}.Debug|Any CPU.Build.0 = Debug|Any CPU
		{665221BF-70E4-4CA2-9010-9BA89CD12896}.Release|Any CPU.ActiveCfg = Release|Any CPU
		{665221BF-70E4-4CA2-9010-9BA89CD12896}.Release|Any CPU.Build.0 = Release|Any CPU
	EndGlobalSection
	GlobalSection(SolutionProperties) = preSolution
		HideSolutionNode = FALSE
	EndGlobalSection
	GlobalSection(ExtensibilityGlobals) = postSolution
		SolutionGuid = {DC39DBDB-043F-4F33-ABB7-F1898752944C}
	EndGlobalSection
EndGlobal
